Microsoft Visual Studio Solution File, Format Version 12.00
# Visual Studio Version 17
VisualStudioVersion = 17.5.2.0
MinimumVisualStudioVersion = 10.0.40219.1
Project("{2150E333-8FDC-42A3-9474-1A3956D46DE8}") = "Projects", "Projects", "{17245595-230B-9055-A944-863F0DDDA8E8}"
EndProject
Project("{FAE04EC0-301F-11D3-BF4B-00C04F79EFBC}") = "MovieWasm", "Projects\MovieWasm\MovieWasm.csproj", "{6DCC83E8-D079-8DEA-219C-93E0167FD452}"
EndProject
Project("{FAE04EC0-301F-11D3-BF4B-00C04F79EFBC}") = "MovieWeb", "Projects\MovieWeb\MovieWeb.csproj", "{D12D6B6A-2F81-813E-2E5F-23A42BA968DC}"
EndProject
Project("{FAE04EC0-301F-11D3-BF4B-00C04F79EFBC}") = "MovieWebApi", "Projects\MovieWebApi\MovieWebApi.csproj", "{BD0B27E7-CDD5-6EDC-30A4-C59626F556D8}"
EndProject
Global
	GlobalSection(SolutionConfigurationPlatforms) = preSolution
		Debug|Any CPU = Debug|Any CPU
		Release|Any CPU = Release|Any CPU
	EndGlobalSection
	GlobalSection(ProjectConfigurationPlatforms) = postSolution
		{6DCC83E8-D079-8DEA-219C-93E0167FD452}.Debug|Any CPU.ActiveCfg = Debug|Any CPU
		{6DCC83E8-D079-8DEA-219C-93E0167FD452}.Debug|Any CPU.Build.0 = Debug|Any CPU
		{6DCC83E8-D079-8DEA-219C-93E0167FD452}.Release|Any CPU.ActiveCfg = Release|Any CPU
		{6DCC83E8-D079-8DEA-219C-93E0167FD452}.Release|Any CPU.Build.0 = Release|Any CPU
		{D12D6B6A-2F81-813E-2E5F-23A42BA968DC}.Debug|Any CPU.ActiveCfg = Debug|Any CPU
		{D12D6B6A-2F81-813E-2E5F-23A42BA968DC}.Debug|Any CPU.Build.0 = Debug|Any CPU
		{D12D6B6A-2F81-813E-2E5F-23A42BA968DC}.Release|Any CPU.ActiveCfg = Release|Any CPU
		{D12D6B6A-2F81-813E-2E5F-23A42BA968DC}.Release|Any CPU.Build.0 = Release|Any CPU
		{BD0B27E7-CDD5-6EDC-30A4-C59626F556D8}.Debug|Any CPU.ActiveCfg = Debug|Any CPU
		{BD0B27E7-CDD5-6EDC-30A4-C59626F556D8}.Debug|Any CPU.Build.0 = Debug|Any CPU
		{BD0B27E7-CDD5-6EDC-30A4-C59626F556D8}.Release|Any CPU.ActiveCfg = Release|Any CPU
		{BD0B27E7-CDD5-6EDC-30A4-C59626F556D8}.Release|Any CPU.Build.0 = Release|Any CPU
	EndGlobalSection
	GlobalSection(SolutionProperties) = preSolution
		HideSolutionNode = FALSE
	EndGlobalSection
	GlobalSection(NestedProjects) = preSolution
		{6DCC83E8-D079-8DEA-219C-93E0167FD452} = {17245595-230B-9055-A944-863F0DDDA8E8}
		{D12D6B6A-2F81-813E-2E5F-23A42BA968DC} = {17245595-230B-9055-A944-863F0DDDA8E8}
		{BD0B27E7-CDD5-6EDC-30A4-C59626F556D8} = {17245595-230B-9055-A944-863F0DDDA8E8}
	EndGlobalSection
	GlobalSection(ExtensibilityGlobals) = postSolution
		SolutionGuid = {65E2D262-EF80-4B0E-AC88-5747DCDFF6CA}
	EndGlobalSection
EndGlobal
